<?xml version="1.0" encoding="utf-8"?>
<Project ToolsVersion="4.0" xmlns="http://schemas.microsoft.com/developer/msbuild/2003">
  <ItemGroup>
    <Filter Include="Source Files">
      <UniqueIdentifier>{4FC737F1-C7A5-4376-A066-2A32D752A2FF}</UniqueIdentifier>
      <Extensions>cpp;c;cc;cxx;def;odl;idl;hpj;bat;asm;asmx</Extensions>
    </Filter>
    <Filter Include="Header Files">
      <UniqueIdentifier>{93995380-89BD-4b04-88EB-625FBE52EBFB}</UniqueIdentifier>
      <Extensions>h;hh;hpp;hxx;hm;inl;inc;ipp;xsd</Extensions>
    </Filter>
    <Filter Include="Resource Files">
      <UniqueIdentifier>{67DA6AB6-F800-4c08-8B7A-83BB121AAD01}</UniqueIdentifier>
      <Extensions>rc;ico;cur;bmp;dlg;rc2;rct;bin;rgs;gif;jpg;jpeg;jpe;resx;tiff;tif;png;wav;mfcribbon-ms</Extensions>
    </Filter>
    <Filter Include="Header Files\commands">
      <UniqueIdentifier>{e288cd46-4abb-4b2d-993b-7a0a31c1c486}</UniqueIdentifier>
    </Filter>
    <Filter Include="Source Files\commands">
      <UniqueIdentifier>{5c6b9026-6eb2-4857-8124-d03c534ce385}</UniqueIdentifier>
    </Filter>
    <Filter Include="Resource Files\scenes">
      <UniqueIdentifier>{6d716a1b-3782-4f47-a203-a526b3f1db20}</UniqueIdentifier>
      <SourceControlFiles>False</SourceControlFiles>
      <Extensions>scene</Extensions>
    </Filter>
    <Filter Include="Source Files\parsers">
      <UniqueIdentifier>{f3bf4cce-aecb-4481-a153-be307b98e1c3}</UniqueIdentifier>
    </Filter>
    <Filter Include="Header Files\parsers">
      <UniqueIdentifier>{1cde3ac5-8ad7-4fba-950e-083b454c7f84}</UniqueIdentifier>
    </Filter>
  </ItemGroup>
  <ItemGroup>
    <ClCompile Include="Main.cpp">
      <Filter>Source Files</Filter>
    </ClCompile>
    <ClCompile Include="Game.cpp">
      <Filter>Source Files</Filter>
    </ClCompile>
    <ClCompile Include="Scene.cpp">
      <Filter>Source Files</Filter>
    </ClCompile>
    <ClCompile Include="Item.cpp">
      <Filter>Source Files</Filter>
    </ClCompile>
    <ClCompile Include="Character.cpp">
      <Filter>Source Files</Filter>
    </ClCompile>
    <ClCompile Include="Foe.cpp">
      <Filter>Source Files</Filter>
    </ClCompile>
    <ClCompile Include="Hero.cpp">
      <Filter>Source Files</Filter>
    </ClCompile>
    <ClCompile Include="Path.cpp">
      <Filter>Source Files</Filter>
    </ClCompile>
    <ClCompile Include="SceneParser.cpp">
      <Filter>Source Files\parsers</Filter>
    </ClCompile>
    <ClCompile Include="CommandParser.cpp">
      <Filter>Source Files\parsers</Filter>
    </ClCompile>
    <ClCompile Include="commands\AttackCommand.cpp">
      <Filter>Source Files\commands</Filter>
    </ClCompile>
    <ClCompile Include="commands\Command.cpp">
      <Filter>Source Files\commands</Filter>
    </ClCompile>
    <ClCompile Include="commands\DropCommand.cpp">
      <Filter>Source Files\commands</Filter>
    </ClCompile>
    <ClCompile Include="commands\EmptyCommand.cpp">
      <Filter>Source Files\commands</Filter>
    </ClCompile>
    <ClCompile Include="commands\ExamineCommand.cpp">
      <Filter>Source Files\commands</Filter>
    </ClCompile>
    <ClCompile Include="commands\GoCommand.cpp">
      <Filter>Source Files\commands</Filter>
    </ClCompile>
    <ClCompile Include="commands\InventoryCommand.cpp">
      <Filter>Source Files\commands</Filter>
    </ClCompile>
    <ClCompile Include="commands\OpenCommand.cpp">
      <Filter>Source Files\commands</Filter>
    </ClCompile>
    <ClCompile Include="commands\TakeCommand.cpp">
      <Filter>Source Files\commands</Filter>
    </ClCompile>
    <ClCompile Include="commands\LookCommand.cpp">
      <Filter>Source Files\commands</Filter>
    </ClCompile>
    <ClCompile Include="commands\HelpCommand.cpp">
      <Filter>Source Files\commands</Filter>
    </ClCompile>
  </ItemGroup>
  <ItemGroup>
    <ClInclude Include="Game.h">
      <Filter>Header Files</Filter>
    </ClInclude>
    <ClInclude Include="Scene.h">
      <Filter>Header Files</Filter>
    </ClInclude>
    <ClInclude Include="Util.h">
      <Filter>Header Files</Filter>
    </ClInclude>
    <ClInclude Include="Item.h">
      <Filter>Header Files</Filter>
    </ClInclude>
    <ClInclude Include="Character.h">
      <Filter>Header Files</Filter>
    </ClInclude>
    <ClInclude Include="Foe.h">
      <Filter>Header Files</Filter>
    </ClInclude>
    <ClInclude Include="Hero.h">
      <Filter>Header Files</Filter>
    </ClInclude>
    <ClInclude Include="Path.h">
      <Filter>Header Files</Filter>
    </ClInclude>
    <ClInclude Include="SceneParser.h">
      <Filter>Header Files\parsers</Filter>
    </ClInclude>
    <ClInclude Include="CommandParser.h">
      <Filter>Header Files\parsers</Filter>
    </ClInclude>
    <ClInclude Include="commands\AttackCommand.h">
      <Filter>Header Files\commands</Filter>
    </ClInclude>
    <ClInclude Include="commands\Command.h">
      <Filter>Header Files\commands</Filter>
    </ClInclude>
    <ClInclude Include="commands\DropCommand.h">
      <Filter>Header Files\commands</Filter>
    </ClInclude>
    <ClInclude Include="commands\EmptyCommand.h">
      <Filter>Header Files\commands</Filter>
    </ClInclude>
    <ClInclude Include="commands\ExamineCommand.h">
      <Filter>Header Files\commands</Filter>
    </ClInclude>
    <ClInclude Include="commands\GoCommand.h">
      <Filter>Header Files\commands</Filter>
    </ClInclude>
    <ClInclude Include="commands\InventoryCommand.h">
      <Filter>Header Files\commands</Filter>
    </ClInclude>
    <ClInclude Include="commands\OpenCommand.h">
      <Filter>Header Files\commands</Filter>
    </ClInclude>
    <ClInclude Include="commands\TakeCommand.h">
      <Filter>Header Files\commands</Filter>
    </ClInclude>
    <ClInclude Include="commands\LookCommand.h">
      <Filter>Header Files\commands</Filter>
    </ClInclude>
    <ClInclude Include="commands\HelpCommand.h">
      <Filter>Header Files\commands</Filter>
    </ClInclude>
  </ItemGroup>
  <ItemGroup>
    <Text Include="help.txt">
      <Filter>Resource Files</Filter>
    </Text>
  </ItemGroup>
  <ItemGroup>
    <None Include="scenes\cabin.scene">
      <Filter>Resource Files\scenes</Filter>
    </None>
    <None Include="scenes\cave.scene">
      <Filter>Resource Files\scenes</Filter>
    </None>
    <None Include="scenes\deep_forest.scene">
      <Filter>Resource Files\scenes</Filter>
    </None>
    <None Include="scenes\forest.scene">
      <Filter>Resource Files\scenes</Filter>
    </None>
    <None Include="scenes\forest_trail.scene">
      <Filter>Resource Files\scenes</Filter>
    </None>
    <None Include="scenes\start.scene">
      <Filter>Resource Files\scenes</Filter>
    </None>
    <None Include="scenes\tree_top.scene">
      <Filter>Resource Files\scenes</Filter>
    </None>
    <None Include="scenes\water_well.scene">
      <Filter>Resource Files\scenes</Filter>
    </None>
  </ItemGroup>
</Project>